
Microsoft Visual Studio Solution File, Format Version 12.00
# Visual Studio Version 17
VisualStudioVersion = 17.0.31903.59
MinimumVisualStudioVersion = 10.0.40219.1
Project("{2150E333-8FDC-42A3-9474-1A3956D46DE8}") = "src", "src", "{827E0CD3-B72D-47B6-A68D-7590B98EB39B}"
EndProject
Project("{FAE04EC0-301F-11D3-BF4B-00C04F79EFBC}") = "PcSentinel.Core", "src\PcSentinel.Core\PcSentinel.Core.csproj", "{1E1642F6-C7BF-4B76-B2B2-6D514A9E6418}"
EndProject
Project("{FAE04EC0-301F-11D3-BF4B-00C04F79EFBC}") = "PcSentinel.Hardware", "src\PcSentinel.Hardware\PcSentinel.Hardware.csproj", "{015A5904-DF91-4A7F-AE32-79A6CE299644}"
EndProject
Project("{FAE04EC0-301F-11D3-BF4B-00C04F79EFBC}") = "PcSentinel.Infrastructure", "src\PcSentinel.Infrastructure\PcSentinel.Infrastructure.csproj", "{11DDD8BB-DADC-49DD-ACD0-DA1CA3F16795}"
EndProject
Project("{FAE04EC0-301F-11D3-BF4B-00C04F79EFBC}") = "PcSentinel.AI", "src\PcSentinel.AI\PcSentinel.AI.csproj", "{C81AAE73-C035-4981-96AE-E041AE3B2BC5}"
EndProject
Project("{FAE04EC0-301F-11D3-BF4B-00C04F79EFBC}") = "PcSentinel.App", "src\PcSentinel.App\PcSentinel.App.csproj", "{47E8B83A-3E3F-4183-B9E4-1E4E7BF67CA3}"
EndProject
Project("{FAE04EC0-301F-11D3-BF4B-00C04F79EFBC}") = "PcSentinel.Cli", "src\PcSentinel.Cli\PcSentinel.Cli.csproj", "{4B5A5C22-126A-47BE-A656-62A8D9F241C9}"
EndProject
Project("{FAE04EC0-301F-11D3-BF4B-00C04F79EFBC}") = "PcSentinel.Core.Tests", "tests\PcSentinel.Core.Tests\PcSentinel.Core.Tests.csproj", "{A998CEBF-801C-43F9-B172-06DB13078519}"
EndProject
Project("{FAE04EC0-301F-11D3-BF4B-00C04F79EFBC}") = "PcSentinel.Hardware.Tests", "tests\PcSentinel.Hardware.Tests\PcSentinel.Hardware.Tests.csproj", "{A4E21BFE-8E1C-4406-99AF-B0086C845AF1}"
EndProject
Global
	GlobalSection(SolutionConfigurationPlatforms) = preSolution
		Debug|Any CPU = Debug|Any CPU
		Debug|x64 = Debug|x64
		Debug|x86 = Debug|x86
		Release|Any CPU = Release|Any CPU
		Release|x64 = Release|x64
		Release|x86 = Release|x86
	EndGlobalSection
	GlobalSection(ProjectConfigurationPlatforms) = postSolution
		{1E1642F6-C7BF-4B76-B2B2-6D514A9E6418}.Debug|Any CPU.ActiveCfg = Debug|Any CPU
		{1E1642F6-C7BF-4B76-B2B2-6D514A9E6418}.Debug|Any CPU.Build.0 = Debug|Any CPU
		{1E1642F6-C7BF-4B76-B2B2-6D514A9E6418}.Debug|x64.ActiveCfg = Debug|Any CPU
		{1E1642F6-C7BF-4B76-B2B2-6D514A9E6418}.Debug|x64.Build.0 = Debug|Any CPU
		{1E1642F6-C7BF-4B76-B2B2-6D514A9E6418}.Debug|x86.ActiveCfg = Debug|Any CPU
		{1E1642F6-C7BF-4B76-B2B2-6D514A9E6418}.Debug|x86.Build.0 = Debug|Any CPU
		{1E1642F6-C7BF-4B76-B2B2-6D514A9E6418}.Release|Any CPU.ActiveCfg = Release|Any CPU
		{1E1642F6-C7BF-4B76-B2B2-6D514A9E6418}.Release|Any CPU.Build.0 = Release|Any CPU
		{1E1642F6-C7BF-4B76-B2B2-6D514A9E6418}.Release|x64.ActiveCfg = Release|Any CPU
		{1E1642F6-C7BF-4B76-B2B2-6D514A9E6418}.Release|x64.Build.0 = Release|Any CPU
		{1E1642F6-C7BF-4B76-B2B2-6D514A9E6418}.Release|x86.ActiveCfg = Release|Any CPU
		{1E1642F6-C7BF-4B76-B2B2-6D514A9E6418}.Release|x86.Build.0 = Release|Any CPU
		{015A5904-DF91-4A7F-AE32-79A6CE299644}.Debug|Any CPU.ActiveCfg = Debug|Any CPU
		{015A5904-DF91-4A7F-AE32-79A6CE299644}.Debug|Any CPU.Build.0 = Debug|Any CPU
		{015A5904-DF91-4A7F-AE32-79A6CE299644}.Debug|x64.ActiveCfg = Debug|Any CPU
		{015A5904-DF91-4A7F-AE32-79A6CE299644}.Debug|x64.Build.0 = Debug|Any CPU
		{015A5904-DF91-4A7F-AE32-79A6CE299644}.Debug|x86.ActiveCfg = Debug|Any CPU
		{015A5904-DF91-4A7F-AE32-79A6CE299644}.Debug|x86.Build.0 = Debug|Any CPU
		{015A5904-DF91-4A7F-AE32-79A6CE299644}.Release|Any CPU.ActiveCfg = Release|Any CPU
		{015A5904-DF91-4A7F-AE32-79A6CE299644}.Release|Any CPU.Build.0 = Release|Any CPU
		{015A5904-DF91-4A7F-AE32-79A6CE299644}.Release|x64.ActiveCfg = Release|Any CPU
		{015A5904-DF91-4A7F-AE32-79A6CE299644}.Release|x64.Build.0 = Release|Any CPU
		{015A5904-DF91-4A7F-AE32-79A6CE299644}.Release|x86.ActiveCfg = Release|Any CPU
		{015A5904-DF91-4A7F-AE32-79A6CE299644}.Release|x86.Build.0 = Release|Any CPU
		{11DDD8BB-DADC-49DD-ACD0-DA1CA3F16795}.Debug|Any CPU.ActiveCfg = Debug|Any CPU
		{11DDD8BB-DADC-49DD-ACD0-DA1CA3F16795}.Debug|Any CPU.Build.0 = Debug|Any CPU
		{11DDD8BB-DADC-49DD-ACD0-DA1CA3F16795}.Debug|x64.ActiveCfg = Debug|Any CPU
		{11DDD8BB-DADC-49DD-ACD0-DA1CA3F16795}.Debug|x64.Build.0 = Debug|Any CPU
		{11DDD8BB-DADC-49DD-ACD0-DA1CA3F16795}.Debug|x86.ActiveCfg = Debug|Any CPU
		{11DDD8BB-DADC-49DD-ACD0-DA1CA3F16795}.Debug|x86.Build.0 = Debug|Any CPU
		{11DDD8BB-DADC-49DD-ACD0-DA1CA3F16795}.Release|Any CPU.ActiveCfg = Release|Any CPU
		{11DDD8BB-DADC-49DD-ACD0-DA1CA3F16795}.Release|Any CPU.Build.0 = Release|Any CPU
		{11DDD8BB-DADC-49DD-ACD0-DA1CA3F16795}.Release|x64.ActiveCfg = Release|Any CPU
		{11DDD8BB-DADC-49DD-ACD0-DA1CA3F16795}.Release|x64.Build.0 = Release|Any CPU
		{11DDD8BB-DADC-49DD-ACD0-DA1CA3F16795}.Release|x86.ActiveCfg = Release|Any CPU
		{11DDD8BB-DADC-49DD-ACD0-DA1CA3F16795}.Release|x86.Build.0 = Release|Any CPU
		{C81AAE73-C035-4981-96AE-E041AE3B2BC5}.Debug|Any CPU.ActiveCfg = Debug|Any CPU
		{C81AAE73-C035-4981-96AE-E041AE3B2BC5}.Debug|Any CPU.Build.0 = Debug|Any CPU
		{C81AAE73-C035-4981-96AE-E041AE3B2BC5}.Debug|x64.ActiveCfg = Debug|Any CPU
		{C81AAE73-C035-4981-96AE-E041AE3B2BC5}.Debug|x64.Build.0 = Debug|Any CPU
		{C81AAE73-C035-4981-96AE-E041AE3B2BC5}.Debug|x86.ActiveCfg = Debug|Any CPU
		{C81AAE73-C035-4981-96AE-E041AE3B2BC5}.Debug|x86.Build.0 = Debug|Any CPU
		{C81AAE73-C035-4981-96AE-E041AE3B2BC5}.Release|Any CPU.ActiveCfg = Release|Any CPU
		{C81AAE73-C035-4981-96AE-E041AE3B2BC5}.Release|Any CPU.Build.0 = Release|Any CPU
		{C81AAE73-C035-4981-96AE-E041AE3B2BC5}.Release|x64.ActiveCfg = Release|Any CPU
		{C81AAE73-C035-4981-96AE-E041AE3B2BC5}.Release|x64.Build.0 = Release|Any CPU
		{C81AAE73-C035-4981-96AE-E041AE3B2BC5}.Release|x86.ActiveCfg = Release|Any CPU
		{C81AAE73-C035-4981-96AE-E041AE3B2BC5}.Release|x86.Build.0 = Release|Any CPU
		{A998CEBF-801C-43F9-B172-06DB13078519}.Debug|Any CPU.ActiveCfg = Debug|Any CPU
		{A998CEBF-801C-43F9-B172-06DB13078519}.Debug|Any CPU.Build.0 = Debug|Any CPU
		{A998CEBF-801C-43F9-B172-06DB13078519}.Debug|x64.ActiveCfg = Debug|Any CPU
		{A998CEBF-801C-43F9-B172-06DB13078519}.Debug|x64.Build.0 = Debug|Any CPU
		{A998CEBF-801C-43F9-B172-06DB13078519}.Debug|x86.ActiveCfg = Debug|Any CPU
		{A998CEBF-801C-43F9-B172-06DB13078519}.Debug|x86.Build.0 = Debug|Any CPU
		{A998CEBF-801C-43F9-B172-06DB13078519}.Release|Any CPU.ActiveCfg = Release|Any CPU
		{A998CEBF-801C-43F9-B172-06DB13078519}.Release|Any CPU.Build.0 = Release|Any CPU
		{A998CEBF-801C-43F9-B172-06DB13078519}.Release|x64.ActiveCfg = Release|Any CPU
		{A998CEBF-801C-43F9-B172-06DB13078519}.Release|x64.Build.0 = Release|Any CPU
		{A998CEBF-801C-43F9-B172-06DB13078519}.Release|x86.ActiveCfg = Release|Any CPU
		{A998CEBF-801C-43F9-B172-06DB13078519}.Release|x86.Build.0 = Release|Any CPU
		{A4E21BFE-8E1C-4406-99AF-B0086C845AF1}.Debug|Any CPU.ActiveCfg = Debug|Any CPU
		{A4E21BFE-8E1C-4406-99AF-B0086C845AF1}.Debug|Any CPU.Build.0 = Debug|Any CPU
		{A4E21BFE-8E1C-4406-99AF-B0086C845AF1}.Debug|x64.ActiveCfg = Debug|Any CPU
		{A4E21BFE-8E1C-4406-99AF-B0086C845AF1}.Debug|x64.Build.0 = Debug|Any CPU
		{A4E21BFE-8E1C-4406-99AF-B0086C845AF1}.Debug|x86.ActiveCfg = Debug|Any CPU
		{A4E21BFE-8E1C-4406-99AF-B0086C845AF1}.Debug|x86.Build.0 = Debug|Any CPU
		{A4E21BFE-8E1C-4406-99AF-B0086C845AF1}.Release|Any CPU.ActiveCfg = Release|Any CPU
		{A4E21BFE-8E1C-4406-99AF-B0086C845AF1}.Release|Any CPU.Build.0 = Release|Any CPU
		{A4E21BFE-8E1C-4406-99AF-B0086C845AF1}.Release|x64.ActiveCfg = Release|Any CPU
		{A4E21BFE-8E1C-4406-99AF-B0086C845AF1}.Release|x64.Build.0 = Release|Any CPU
		{A4E21BFE-8E1C-4406-99AF-B0086C845AF1}.Release|x86.ActiveCfg = Release|Any CPU
		{A4E21BFE-8E1C-4406-99AF-B0086C845AF1}.Release|x86.Build.0 = Release|Any CPU
	EndGlobalSection
	GlobalSection(SolutionProperties) = preSolution
		HideSolutionNode = FALSE
	EndGlobalSection
	GlobalSection(NestedProjects) = preSolution
		{1E1642F6-C7BF-4B76-B2B2-6D514A9E6418} = {827E0CD3-B72D-47B6-A68D-7590B98EB39B}
		{015A5904-DF91-4A7F-AE32-79A6CE299644} = {827E0CD3-B72D-47B6-A68D-7590B98EB39B}
		{11DDD8BB-DADC-49DD-ACD0-DA1CA3F16795} = {827E0CD3-B72D-47B6-A68D-7590B98EB39B}
		{C81AAE73-C035-4981-96AE-E041AE3B2BC5} = {827E0CD3-B72D-47B6-A68D-7590B98EB39B}
		{A998CEBF-801C-43F9-B172-06DB13078519} = {827E0CD3-B72D-47B6-A68D-7590B98EB39B}
		{A4E21BFE-8E1C-4406-99AF-B0086C845AF1} = {827E0CD3-B72D-47B6-A68D-7590B98EB39B}
		{47E8B83A-3E3F-4183-B9E4-1E4E7BF67CA3} = {827E0CD3-B72D-47B6-A68D-7590B98EB39B}
		{4B5A5C22-126A-47BE-A656-62A8D9F241C9} = {827E0CD3-B72D-47B6-A68D-7590B98EB39B}
	EndGlobalSection
EndGlobal
